
Microsoft Visual Studio Solution File, Format Version 12.00
# Visual Studio 15
VisualStudioVersion = 15.0.27130.2027
MinimumVisualStudioVersion = 10.0.40219.1
Project("{FAE04EC0-301F-11D3-BF4B-00C04F79EFBC}") = "SalesFinal.Android", "SalesFinal\SalesFinal.Android\SalesFinal.Android.csproj", "{94A079FB-255D-44BB-87AD-31631C19585A}"
EndProject
Project("{FAE04EC0-301F-11D3-BF4B-00C04F79EFBC}") = "SalesFinal.iOS", "SalesFinal\SalesFinal.iOS\SalesFinal.iOS.csproj", "{7B2F275F-A767-4D4F-96D7-11005A5F0A6A}"
EndProject
Project("{FAE04EC0-301F-11D3-BF4B-00C04F79EFBC}") = "SalesFinal", "SalesFinal\SalesFinal\SalesFinal.csproj", "{C600C59E-5C31-4CDC-BB4E-EB887EC302B2}"
EndProject
Project("{FAE04EC0-301F-11D3-BF4B-00C04F79EFBC}") = "SalesFinal.Backend", "SalesFinal.Backend\SalesFinal.Backend.csproj", "{DB9C922F-D728-451A-9226-AB2E04113807}"
EndProject
Project("{FAE04EC0-301F-11D3-BF4B-00C04F79EFBC}") = "SalesFinal.API", "SalesFinal.API\SalesFinal.API.csproj", "{59088E4B-4416-4C2E-A59C-54F6C74D18A3}"
EndProject
Project("{FAE04EC0-301F-11D3-BF4B-00C04F79EFBC}") = "SalesFinal.Domain", "SalesFinal.Domain\SalesFinal.Domain.csproj", "{D65A0FD9-2066-4EE5-81AE-8972EAEF4279}"
EndProject
Project("{FAE04EC0-301F-11D3-BF4B-00C04F79EFBC}") = "SalesFinal.Common", "SalesFinal.Common\SalesFinal.Common.csproj", "{65363145-4ECD-458F-AF03-62EFFBA62B1D}"
EndProject
Global
	GlobalSection(SolutionConfigurationPlatforms) = preSolution
		Ad-Hoc|Any CPU = Ad-Hoc|Any CPU
		Ad-Hoc|iPhone = Ad-Hoc|iPhone
		Ad-Hoc|iPhoneSimulator = Ad-Hoc|iPhoneSimulator
		AppStore|Any CPU = AppStore|Any CPU
		AppStore|iPhone = AppStore|iPhone
		AppStore|iPhoneSimulator = AppStore|iPhoneSimulator
		Debug|Any CPU = Debug|Any CPU
		Debug|iPhone = Debug|iPhone
		Debug|iPhoneSimulator = Debug|iPhoneSimulator
		Release|Any CPU = Release|Any CPU
		Release|iPhone = Release|iPhone
		Release|iPhoneSimulator = Release|iPhoneSimulator
	EndGlobalSection
	GlobalSection(ProjectConfigurationPlatforms) = postSolution
		{94A079FB-255D-44BB-87AD-31631C19585A}.Ad-Hoc|Any CPU.ActiveCfg = Release|Any CPU
		{94A079FB-255D-44BB-87AD-31631C19585A}.Ad-Hoc|Any CPU.Build.0 = Release|Any CPU
		{94A079FB-255D-44BB-87AD-31631C19585A}.Ad-Hoc|Any CPU.Deploy.0 = Release|Any CPU
		{94A079FB-255D-44BB-87AD-31631C19585A}.Ad-Hoc|iPhone.ActiveCfg = Release|Any CPU
		{94A079FB-255D-44BB-87AD-31631C19585A}.Ad-Hoc|iPhone.Build.0 = Release|Any CPU
		{94A079FB-255D-44BB-87AD-31631C19585A}.Ad-Hoc|iPhone.Deploy.0 = Release|Any CPU
		{94A079FB-255D-44BB-87AD-31631C19585A}.Ad-Hoc|iPhoneSimulator.ActiveCfg = Release|Any CPU
		{94A079FB-255D-44BB-87AD-31631C19585A}.Ad-Hoc|iPhoneSimulator.Build.0 = Release|Any CPU
		{94A079FB-255D-44BB-87AD-31631C19585A}.Ad-Hoc|iPhoneSimulator.Deploy.0 = Release|Any CPU
		{94A079FB-255D-44BB-87AD-31631C19585A}.AppStore|Any CPU.ActiveCfg = Release|Any CPU
		{94A079FB-255D-44BB-87AD-31631C19585A}.AppStore|Any CPU.Build.0 = Release|Any CPU
		{94A079FB-255D-44BB-87AD-31631C19585A}.AppStore|Any CPU.Deploy.0 = Release|Any CPU
		{94A079FB-255D-44BB-87AD-31631C19585A}.AppStore|iPhone.ActiveCfg = Release|Any CPU
		{94A079FB-255D-44BB-87AD-31631C19585A}.AppStore|iPhone.Build.0 = Release|Any CPU
		{94A079FB-255D-44BB-87AD-31631C19585A}.AppStore|iPhone.Deploy.0 = Release|Any CPU
		{94A079FB-255D-44BB-87AD-31631C19585A}.AppStore|iPhoneSimulator.ActiveCfg = Release|Any CPU
		{94A079FB-255D-44BB-87AD-31631C19585A}.AppStore|iPhoneSimulator.Build.0 = Release|Any CPU
		{94A079FB-255D-44BB-87AD-31631C19585A}.AppStore|iPhoneSimulator.Deploy.0 = Release|Any CPU
		{94A079FB-255D-44BB-87AD-31631C19585A}.Debug|Any CPU.ActiveCfg = Debug|Any CPU
		{94A079FB-255D-44BB-87AD-31631C19585A}.Debug|Any CPU.Build.0 = Debug|Any CPU
		{94A079FB-255D-44BB-87AD-31631C19585A}.Debug|Any CPU.Deploy.0 = Debug|Any CPU
		{94A079FB-255D-44BB-87AD-31631C19585A}.Debug|iPhone.ActiveCfg = Debug|Any CPU
		{94A079FB-255D-44BB-87AD-31631C19585A}.Debug|iPhone.Build.0 = Debug|Any CPU
		{94A079FB-255D-44BB-87AD-31631C19585A}.Debug|iPhone.Deploy.0 = Debug|Any CPU
		{94A079FB-255D-44BB-87AD-31631C19585A}.Debug|iPhoneSimulator.ActiveCfg = Debug|Any CPU
		{94A079FB-255D-44BB-87AD-31631C19585A}.Debug|iPhoneSimulator.Build.0 = Debug|Any CPU
		{94A079FB-255D-44BB-87AD-31631C19585A}.Debug|iPhoneSimulator.Deploy.0 = Debug|Any CPU
		{94A079FB-255D-44BB-87AD-31631C19585A}.Release|Any CPU.ActiveCfg = Release|Any CPU
		{94A079FB-255D-44BB-87AD-31631C19585A}.Release|Any CPU.Build.0 = Release|Any CPU
		{94A079FB-255D-44BB-87AD-31631C19585A}.Release|Any CPU.Deploy.0 = Release|Any CPU
		{94A079FB-255D-44BB-87AD-31631C19585A}.Release|iPhone.ActiveCfg = Release|Any CPU
		{94A079FB-255D-44BB-87AD-31631C19585A}.Release|iPhone.Build.0 = Release|Any CPU
		{94A079FB-255D-44BB-87AD-31631C19585A}.Release|iPhone.Deploy.0 = Release|Any CPU
		{94A079FB-255D-44BB-87AD-31631C19585A}.Release|iPhoneSimulator.ActiveCfg = Release|Any CPU
		{94A079FB-255D-44BB-87AD-31631C19585A}.Release|iPhoneSimulator.Build.0 = Release|Any CPU
		{94A079FB-255D-44BB-87AD-31631C19585A}.Release|iPhoneSimulator.Deploy.0 = Release|Any CPU
		{7B2F275F-A767-4D4F-96D7-11005A5F0A6A}.Ad-Hoc|Any CPU.ActiveCfg = Ad-Hoc|iPhone
		{7B2F275F-A767-4D4F-96D7-11005A5F0A6A}.Ad-Hoc|iPhone.ActiveCfg = Ad-Hoc|iPhone
		{7B2F275F-A767-4D4F-96D7-11005A5F0A6A}.Ad-Hoc|iPhone.Build.0 = Ad-Hoc|iPhone
		{7B2F275F-A767-4D4F-96D7-11005A5F0A6A}.Ad-Hoc|iPhoneSimulator.ActiveCfg = Ad-Hoc|iPhoneSimulator
		{7B2F275F-A767-4D4F-96D7-11005A5F0A6A}.Ad-Hoc|iPhoneSimulator.Build.0 = Ad-Hoc|iPhoneSimulator
		{7B2F275F-A767-4D4F-96D7-11005A5F0A6A}.AppStore|Any CPU.ActiveCfg = AppStore|iPhone
		{7B2F275F-A767-4D4F-96D7-11005A5F0A6A}.AppStore|iPhone.ActiveCfg = AppStore|iPhone
		{7B2F275F-A767-4D4F-96D7-11005A5F0A6A}.AppStore|iPhone.Build.0 = AppStore|iPhone
		{7B2F275F-A767-4D4F-96D7-11005A5F0A6A}.AppStore|iPhoneSimulator.ActiveCfg = AppStore|iPhoneSimulator
		{7B2F275F-A767-4D4F-96D7-11005A5F0A6A}.AppStore|iPhoneSimulator.Build.0 = AppStore|iPhoneSimulator
		{7B2F275F-A767-4D4F-96D7-11005A5F0A6A}.Debug|Any CPU.ActiveCfg = Debug|iPhone
		{7B2F275F-A767-4D4F-96D7-11005A5F0A6A}.Debug|iPhone.ActiveCfg = Debug|iPhone
		{7B2F275F-A767-4D4F-96D7-11005A5F0A6A}.Debug|iPhone.Build.0 = Debug|iPhone
		{7B2F275F-A767-4D4F-96D7-11005A5F0A6A}.Debug|iPhoneSimulator.ActiveCfg = Debug|iPhoneSimulator
		{7B2F275F-A767-4D4F-96D7-11005A5F0A6A}.Debug|iPhoneSimulator.Build.0 = Debug|iPhoneSimulator
		{7B2F275F-A767-4D4F-96D7-11005A5F0A6A}.Release|Any CPU.ActiveCfg = Release|iPhone
		{7B2F275F-A767-4D4F-96D7-11005A5F0A6A}.Release|iPhone.ActiveCfg = Release|iPhone
		{7B2F275F-A767-4D4F-96D7-11005A5F0A6A}.Release|iPhone.Build.0 = Release|iPhone
		{7B2F275F-A767-4D4F-96D7-11005A5F0A6A}.Release|iPhoneSimulator.ActiveCfg = Release|iPhoneSimulator
		{7B2F275F-A767-4D4F-96D7-11005A5F0A6A}.Release|iPhoneSimulator.Build.0 = Release|iPhoneSimulator
		{C600C59E-5C31-4CDC-BB4E-EB887EC302B2}.Ad-Hoc|Any CPU.ActiveCfg = Debug|Any CPU
		{C600C59E-5C31-4CDC-BB4E-EB887EC302B2}.Ad-Hoc|Any CPU.Build.0 = Debug|Any CPU
		{C600C59E-5C31-4CDC-BB4E-EB887EC302B2}.Ad-Hoc|iPhone.ActiveCfg = Debug|Any CPU
		{C600C59E-5C31-4CDC-BB4E-EB887EC302B2}.Ad-Hoc|iPhone.Build.0 = Debug|Any CPU
		{C600C59E-5C31-4CDC-BB4E-EB887EC302B2}.Ad-Hoc|iPhoneSimulator.ActiveCfg = Debug|Any CPU
		{C600C59E-5C31-4CDC-BB4E-EB887EC302B2}.Ad-Hoc|iPhoneSimulator.Build.0 = Debug|Any CPU
		{C600C59E-5C31-4CDC-BB4E-EB887EC302B2}.AppStore|Any CPU.ActiveCfg = Debug|Any CPU
		{C600C59E-5C31-4CDC-BB4E-EB887EC302B2}.AppStore|Any CPU.Build.0 = Debug|Any CPU
		{C600C59E-5C31-4CDC-BB4E-EB887EC302B2}.AppStore|iPhone.ActiveCfg = Debug|Any CPU
		{C600C59E-5C31-4CDC-BB4E-EB887EC302B2}.AppStore|iPhone.Build.0 = Debug|Any CPU
		{C600C59E-5C31-4CDC-BB4E-EB887EC302B2}.AppStore|iPhoneSimulator.ActiveCfg = Debug|Any CPU
		{C600C59E-5C31-4CDC-BB4E-EB887EC302B2}.AppStore|iPhoneSimulator.Build.0 = Debug|Any CPU
		{C600C59E-5C31-4CDC-BB4E-EB887EC302B2}.Debug|Any CPU.ActiveCfg = Debug|Any CPU
		{C600C59E-5C31-4CDC-BB4E-EB887EC302B2}.Debug|Any CPU.Build.0 = Debug|Any CPU
		{C600C59E-5C31-4CDC-BB4E-EB887EC302B2}.Debug|iPhone.ActiveCfg = Debug|Any CPU
		{C600C59E-5C31-4CDC-BB4E-EB887EC302B2}.Debug|iPhone.Build.0 = Debug|Any CPU
		{C600C59E-5C31-4CDC-BB4E-EB887EC302B2}.Debug|iPhoneSimulator.ActiveCfg = Debug|Any CPU
		{C600C59E-5C31-4CDC-BB4E-EB887EC302B2}.Debug|iPhoneSimulator.Build.0 = Debug|Any CPU
		{C600C59E-5C31-4CDC-BB4E-EB887EC302B2}.Release|Any CPU.ActiveCfg = Release|Any CPU
		{C600C59E-5C31-4CDC-BB4E-EB887EC302B2}.Release|Any CPU.Build.0 = Release|Any CPU
		{C600C59E-5C31-4CDC-BB4E-EB887EC302B2}.Release|iPhone.ActiveCfg = Release|Any CPU
		{C600C59E-5C31-4CDC-BB4E-EB887EC302B2}.Release|iPhone.Build.0 = Release|Any CPU
		{C600C59E-5C31-4CDC-BB4E-EB887EC302B2}.Release|iPhoneSimulator.ActiveCfg = Release|Any CPU
		{C600C59E-5C31-4CDC-BB4E-EB887EC302B2}.Release|iPhoneSimulator.Build.0 = Release|Any CPU
		{DB9C922F-D728-451A-9226-AB2E04113807}.Ad-Hoc|Any CPU.ActiveCfg = Release|Any CPU
		{DB9C922F-D728-451A-9226-AB2E04113807}.Ad-Hoc|Any CPU.Build.0 = Release|Any CPU
		{DB9C922F-D728-451A-9226-AB2E04113807}.Ad-Hoc|iPhone.ActiveCfg = Release|Any CPU
		{DB9C922F-D728-451A-9226-AB2E04113807}.Ad-Hoc|iPhone.Build.0 = Release|Any CPU
		{DB9C922F-D728-451A-9226-AB2E04113807}.Ad-Hoc|iPhoneSimulator.ActiveCfg = Release|Any CPU
		{DB9C922F-D728-451A-9226-AB2E04113807}.Ad-Hoc|iPhoneSimulator.Build.0 = Release|Any CPU
		{DB9C922F-D728-451A-9226-AB2E04113807}.AppStore|Any CPU.ActiveCfg = Release|Any CPU
		{DB9C922F-D728-451A-9226-AB2E04113807}.AppStore|Any CPU.Build.0 = Release|Any CPU
		{DB9C922F-D728-451A-9226-AB2E04113807}.AppStore|iPhone.ActiveCfg = Release|Any CPU
		{DB9C922F-D728-451A-9226-AB2E04113807}.AppStore|iPhone.Build.0 = Release|Any CPU
		{DB9C922F-D728-451A-9226-AB2E04113807}.AppStore|iPhoneSimulator.ActiveCfg = Release|Any CPU
		{DB9C922F-D728-451A-9226-AB2E04113807}.AppStore|iPhoneSimulator.Build.0 = Release|Any CPU
		{DB9C922F-D728-451A-9226-AB2E04113807}.Debug|Any CPU.ActiveCfg = Debug|Any CPU
		{DB9C922F-D728-451A-9226-AB2E04113807}.Debug|Any CPU.Build.0 = Debug|Any CPU
		{DB9C922F-D728-451A-9226-AB2E04113807}.Debug|iPhone.ActiveCfg = Debug|Any CPU
		{DB9C922F-D728-451A-9226-AB2E04113807}.Debug|iPhone.Build.0 = Debug|Any CPU
		{DB9C922F-D728-451A-9226-AB2E04113807}.Debug|iPhoneSimulator.ActiveCfg = Debug|Any CPU
		{DB9C922F-D728-451A-9226-AB2E04113807}.Debug|iPhoneSimulator.Build.0 = Debug|Any CPU
		{DB9C922F-D728-451A-9226-AB2E04113807}.Release|Any CPU.ActiveCfg = Release|Any CPU
		{DB9C922F-D728-451A-9226-AB2E04113807}.Release|Any CPU.Build.0 = Release|Any CPU
		{DB9C922F-D728-451A-9226-AB2E04113807}.Release|iPhone.ActiveCfg = Release|Any CPU
		{DB9C922F-D728-451A-9226-AB2E04113807}.Release|iPhone.Build.0 = Release|Any CPU
		{DB9C922F-D728-451A-9226-AB2E04113807}.Release|iPhoneSimulator.ActiveCfg = Release|Any CPU
		{DB9C922F-D728-451A-9226-AB2E04113807}.Release|iPhoneSimulator.Build.0 = Release|Any CPU
		{59088E4B-4416-4C2E-A59C-54F6C74D18A3}.Ad-Hoc|Any CPU.ActiveCfg = Release|Any CPU
		{59088E4B-4416-4C2E-A59C-54F6C74D18A3}.Ad-Hoc|Any CPU.Build.0 = Release|Any CPU
		{59088E4B-4416-4C2E-A59C-54F6C74D18A3}.Ad-Hoc|iPhone.ActiveCfg = Release|Any CPU
		{59088E4B-4416-4C2E-A59C-54F6C74D18A3}.Ad-Hoc|iPhone.Build.0 = Release|Any CPU
		{59088E4B-4416-4C2E-A59C-54F6C74D18A3}.Ad-Hoc|iPhoneSimulator.ActiveCfg = Release|Any CPU
		{59088E4B-4416-4C2E-A59C-54F6C74D18A3}.Ad-Hoc|iPhoneSimulator.Build.0 = Release|Any CPU
		{59088E4B-4416-4C2E-A59C-54F6C74D18A3}.AppStore|Any CPU.ActiveCfg = Release|Any CPU
		{59088E4B-4416-4C2E-A59C-54F6C74D18A3}.AppStore|Any CPU.Build.0 = Release|Any CPU
		{59088E4B-4416-4C2E-A59C-54F6C74D18A3}.AppStore|iPhone.ActiveCfg = Release|Any CPU
		{59088E4B-4416-4C2E-A59C-54F6C74D18A3}.AppStore|iPhone.Build.0 = Release|Any CPU
		{59088E4B-4416-4C2E-A59C-54F6C74D18A3}.AppStore|iPhoneSimulator.ActiveCfg = Release|Any CPU
		{59088E4B-4416-4C2E-A59C-54F6C74D18A3}.AppStore|iPhoneSimulator.Build.0 = Release|Any CPU
		{59088E4B-4416-4C2E-A59C-54F6C74D18A3}.Debug|Any CPU.ActiveCfg = Debug|Any CPU
		{59088E4B-4416-4C2E-A59C-54F6C74D18A3}.Debug|Any CPU.Build.0 = Debug|Any CPU
		{59088E4B-4416-4C2E-A59C-54F6C74D18A3}.Debug|iPhone.ActiveCfg = Debug|Any CPU
		{59088E4B-4416-4C2E-A59C-54F6C74D18A3}.Debug|iPhone.Build.0 = Debug|Any CPU
		{59088E4B-4416-4C2E-A59C-54F6C74D18A3}.Debug|iPhoneSimulator.ActiveCfg = Debug|Any CPU
		{59088E4B-4416-4C2E-A59C-54F6C74D18A3}.Debug|iPhoneSimulator.Build.0 = Debug|Any CPU
		{59088E4B-4416-4C2E-A59C-54F6C74D18A3}.Release|Any CPU.ActiveCfg = Release|Any CPU
		{59088E4B-4416-4C2E-A59C-54F6C74D18A3}.Release|Any CPU.Build.0 = Release|Any CPU
		{59088E4B-4416-4C2E-A59C-54F6C74D18A3}.Release|iPhone.ActiveCfg = Release|Any CPU
		{59088E4B-4416-4C2E-A59C-54F6C74D18A3}.Release|iPhone.Build.0 = Release|Any CPU
		{59088E4B-4416-4C2E-A59C-54F6C74D18A3}.Release|iPhoneSimulator.ActiveCfg = Release|Any CPU
		{59088E4B-4416-4C2E-A59C-54F6C74D18A3}.Release|iPhoneSimulator.Build.0 = Release|Any CPU
		{D65A0FD9-2066-4EE5-81AE-8972EAEF4279}.Ad-Hoc|Any CPU.ActiveCfg = Release|Any CPU
		{D65A0FD9-2066-4EE5-81AE-8972EAEF4279}.Ad-Hoc|Any CPU.Build.0 = Release|Any CPU
		{D65A0FD9-2066-4EE5-81AE-8972EAEF4279}.Ad-Hoc|iPhone.ActiveCfg = Release|Any CPU
		{D65A0FD9-2066-4EE5-81AE-8972EAEF4279}.Ad-Hoc|iPhone.Build.0 = Release|Any CPU
		{D65A0FD9-2066-4EE5-81AE-8972EAEF4279}.Ad-Hoc|iPhoneSimulator.ActiveCfg = Release|Any CPU
		{D65A0FD9-2066-4EE5-81AE-8972EAEF4279}.Ad-Hoc|iPhoneSimulator.Build.0 = Release|Any CPU
		{D65A0FD9-2066-4EE5-81AE-8972EAEF4279}.AppStore|Any CPU.ActiveCfg = Release|Any CPU
		{D65A0FD9-2066-4EE5-81AE-8972EAEF4279}.AppStore|Any CPU.Build.0 = Release|Any CPU
		{D65A0FD9-2066-4EE5-81AE-8972EAEF4279}.AppStore|iPhone.ActiveCfg = Release|Any CPU
		{D65A0FD9-2066-4EE5-81AE-8972EAEF4279}.AppStore|iPhone.Build.0 = Release|Any CPU
		{D65A0FD9-2066-4EE5-81AE-8972EAEF4279}.AppStore|iPhoneSimulator.ActiveCfg = Release|Any CPU
		{D65A0FD9-2066-4EE5-81AE-8972EAEF4279}.AppStore|iPhoneSimulator.Build.0 = Release|Any CPU
		{D65A0FD9-2066-4EE5-81AE-8972EAEF4279}.Debug|Any CPU.ActiveCfg = Debug|Any CPU
		{D65A0FD9-2066-4EE5-81AE-8972EAEF4279}.Debug|Any CPU.Build.0 = Debug|Any CPU
		{D65A0FD9-2066-4EE5-81AE-8972EAEF4279}.Debug|iPhone.ActiveCfg = Debug|Any CPU
		{D65A0FD9-2066-4EE5-81AE-8972EAEF4279}.Debug|iPhone.Build.0 = Debug|Any CPU
		{D65A0FD9-2066-4EE5-81AE-8972EAEF4279}.Debug|iPhoneSimulator.ActiveCfg = Debug|Any CPU
		{D65A0FD9-2066-4EE5-81AE-8972EAEF4279}.Debug|iPhoneSimulator.Build.0 = Debug|Any CPU
		{D65A0FD9-2066-4EE5-81AE-8972EAEF4279}.Release|Any CPU.ActiveCfg = Release|Any CPU
		{D65A0FD9-2066-4EE5-81AE-8972EAEF4279}.Release|Any CPU.Build.0 = Release|Any CPU
		{D65A0FD9-2066-4EE5-81AE-8972EAEF4279}.Release|iPhone.ActiveCfg = Release|Any CPU
		{D65A0FD9-2066-4EE5-81AE-8972EAEF4279}.Release|iPhone.Build.0 = Release|Any CPU
		{D65A0FD9-2066-4EE5-81AE-8972EAEF4279}.Release|iPhoneSimulator.ActiveCfg = Release|Any CPU
		{D65A0FD9-2066-4EE5-81AE-8972EAEF4279}.Release|iPhoneSimulator.Build.0 = Release|Any CPU
		{65363145-4ECD-458F-AF03-62EFFBA62B1D}.Ad-Hoc|Any CPU.ActiveCfg = Release|Any CPU
		{65363145-4ECD-458F-AF03-62EFFBA62B1D}.Ad-Hoc|Any CPU.Build.0 = Release|Any CPU
		{65363145-4ECD-458F-AF03-62EFFBA62B1D}.Ad-Hoc|iPhone.ActiveCfg = Release|Any CPU
		{65363145-4ECD-458F-AF03-62EFFBA62B1D}.Ad-Hoc|iPhone.Build.0 = Release|Any CPU
		{65363145-4ECD-458F-AF03-62EFFBA62B1D}.Ad-Hoc|iPhoneSimulator.ActiveCfg = Release|Any CPU
		{65363145-4ECD-458F-AF03-62EFFBA62B1D}.Ad-Hoc|iPhoneSimulator.Build.0 = Release|Any CPU
		{65363145-4ECD-458F-AF03-62EFFBA62B1D}.AppStore|Any CPU.ActiveCfg = Release|Any CPU
		{65363145-4ECD-458F-AF03-62EFFBA62B1D}.AppStore|Any CPU.Build.0 = Release|Any CPU
		{65363145-4ECD-458F-AF03-62EFFBA62B1D}.AppStore|iPhone.ActiveCfg = Release|Any CPU
		{65363145-4ECD-458F-AF03-62EFFBA62B1D}.AppStore|iPhone.Build.0 = Release|Any CPU
		{65363145-4ECD-458F-AF03-62EFFBA62B1D}.AppStore|iPhoneSimulator.ActiveCfg = Release|Any CPU
		{65363145-4ECD-458F-AF03-62EFFBA62B1D}.AppStore|iPhoneSimulator.Build.0 = Release|Any CPU
		{65363145-4ECD-458F-AF03-62EFFBA62B1D}.Debug|Any CPU.ActiveCfg = Debug|Any CPU
		{65363145-4ECD-458F-AF03-62EFFBA62B1D}.Debug|Any CPU.Build.0 = Debug|Any CPU
		{65363145-4ECD-458F-AF03-62EFFBA62B1D}.Debug|iPhone.ActiveCfg = Debug|Any CPU
		{65363145-4ECD-458F-AF03-62EFFBA62B1D}.Debug|iPhone.Build.0 = Debug|Any CPU
		{65363145-4ECD-458F-AF03-62EFFBA62B1D}.Debug|iPhoneSimulator.ActiveCfg = Debug|Any CPU
		{65363145-4ECD-458F-AF03-62EFFBA62B1D}.Debug|iPhoneSimulator.Build.0 = Debug|Any CPU
		{65363145-4ECD-458F-AF03-62EFFBA62B1D}.Release|Any CPU.ActiveCfg = Release|Any CPU
		{65363145-4ECD-458F-AF03-62EFFBA62B1D}.Release|Any CPU.Build.0 = Release|Any CPU
		{65363145-4ECD-458F-AF03-62EFFBA62B1D}.Release|iPhone.ActiveCfg = Release|Any CPU
		{65363145-4ECD-458F-AF03-62EFFBA62B1D}.Release|iPhone.Build.0 = Release|Any CPU
		{65363145-4ECD-458F-AF03-62EFFBA62B1D}.Release|iPhoneSimulator.ActiveCfg = Release|Any CPU
		{65363145-4ECD-458F-AF03-62EFFBA62B1D}.Release|iPhoneSimulator.Build.0 = Release|Any CPU
	EndGlobalSection
	GlobalSection(SolutionProperties) = preSolution
		HideSolutionNode = FALSE
	EndGlobalSection
	GlobalSection(ExtensibilityGlobals) = postSolution
		SolutionGuid = {4E09DC47-FC4E-4F9F-A90E-C94496609F32}
	EndGlobalSection
EndGlobal
